
Microsoft Visual Studio Solution File, Format Version 12.00
# Visual Studio Version 17
VisualStudioVersion = 17.4.33205.214
MinimumVisualStudioVersion = 10.0.40219.1
Project("{FAE04EC0-301F-11D3-BF4B-00C04F79EFBC}") = "my-Project1", "my-Project1.csproj", "{837212A4-7602-42FB-A197-32622D6CF168}"
EndProject
Global
	GlobalSection(SolutionConfigurationPlatforms) = preSolution
		Debug|Any CPU = Debug|Any CPU
		Release|Any CPU = Release|Any CPU
	EndGlobalSection
	GlobalSection(ProjectConfigurationPlatforms) = postSolution
		{837212A4-7602-42FB-A197-32622D6CF168}.Debug|Any CPU.ActiveCfg = Debug|Any CPU
		{837212A4-7602-42FB-A197-32622D6CF168}.Debug|Any CPU.Build.0 = Debug|Any CPU
		{837212A4-7602-42FB-A197-32622D6CF168}.Release|Any CPU.ActiveCfg = Release|Any CPU
		{837212A4-7602-42FB-A197-32622D6CF168}.Release|Any CPU.Build.0 = Release|Any CPU
	EndGlobalSection
	GlobalSection(SolutionProperties) = preSolution
		HideSolutionNode = FALSE
	EndGlobalSection
	GlobalSection(ExtensibilityGlobals) = postSolution
		SolutionGuid = {BDB90700-5332-4B55-A5EA-50A734F2831A}
	EndGlobalSection
EndGlobal
